
Microsoft Visual Studio Solution File, Format Version 12.00
# Visual Studio Version 17
VisualStudioVersion = 17.0.32014.148
MinimumVisualStudioVersion = 10.0.40219.1
Project("{FAE04EC0-301F-11D3-BF4B-00C04F79EFBC}") = "AltPoint", "AltPoint\AltPoint.csproj", "{4A830DF1-61EE-4045-8F4E-4881A3015ACB}"
EndProject
Project("{FAE04EC0-301F-11D3-BF4B-00C04F79EFBC}") = "Clients", "Clients\Clients.csproj", "{709D235C-D8FE-47E3-B1B2-2398AA9E3E44}"
EndProject
Project("{FAE04EC0-301F-11D3-BF4B-00C04F79EFBC}") = "DataAccess", "DataAccess\DataAccess.csproj", "{DF4BAAC3-2031-4DE9-8FCB-5876416D3891}"
EndProject
Global
	GlobalSection(SolutionConfigurationPlatforms) = preSolution
		Debug|Any CPU = Debug|Any CPU
		Release|Any CPU = Release|Any CPU
	EndGlobalSection
	GlobalSection(ProjectConfigurationPlatforms) = postSolution
		{4A830DF1-61EE-4045-8F4E-4881A3015ACB}.Debug|Any CPU.ActiveCfg = Debug|Any CPU
		{4A830DF1-61EE-4045-8F4E-4881A3015ACB}.Debug|Any CPU.Build.0 = Debug|Any CPU
		{4A830DF1-61EE-4045-8F4E-4881A3015ACB}.Release|Any CPU.ActiveCfg = Release|Any CPU
		{4A830DF1-61EE-4045-8F4E-4881A3015ACB}.Release|Any CPU.Build.0 = Release|Any CPU
		{709D235C-D8FE-47E3-B1B2-2398AA9E3E44}.Debug|Any CPU.ActiveCfg = Debug|Any CPU
		{709D235C-D8FE-47E3-B1B2-2398AA9E3E44}.Debug|Any CPU.Build.0 = Debug|Any CPU
		{709D235C-D8FE-47E3-B1B2-2398AA9E3E44}.Release|Any CPU.ActiveCfg = Release|Any CPU
		{709D235C-D8FE-47E3-B1B2-2398AA9E3E44}.Release|Any CPU.Build.0 = Release|Any CPU
		{DF4BAAC3-2031-4DE9-8FCB-5876416D3891}.Debug|Any CPU.ActiveCfg = Debug|Any CPU
		{DF4BAAC3-2031-4DE9-8FCB-5876416D3891}.Debug|Any CPU.Build.0 = Debug|Any CPU
		{DF4BAAC3-2031-4DE9-8FCB-5876416D3891}.Release|Any CPU.ActiveCfg = Release|Any CPU
		{DF4BAAC3-2031-4DE9-8FCB-5876416D3891}.Release|Any CPU.Build.0 = Release|Any CPU
	EndGlobalSection
	GlobalSection(SolutionProperties) = preSolution
		HideSolutionNode = FALSE
	EndGlobalSection
	GlobalSection(ExtensibilityGlobals) = postSolution
		SolutionGuid = {4E0A9362-69F4-4A7B-9FD8-C45F30F96481}
	EndGlobalSection
EndGlobal
